
Microsoft Visual Studio Solution File, Format Version 12.00
# Visual Studio Version 17
VisualStudioVersion = 17.5.33516.290
MinimumVisualStudioVersion = 10.0.40219.1
Project("{FAE04EC0-301F-11D3-BF4B-00C04F79EFBC}") = "AngularApi", "AngularApi.csproj", "{8C975F57-32AB-4C9A-BEA8-A07A852C6733}"
EndProject
Global
	GlobalSection(SolutionConfigurationPlatforms) = preSolution
		Debug|Any CPU = Debug|Any CPU
		Release|Any CPU = Release|Any CPU
	EndGlobalSection
	GlobalSection(ProjectConfigurationPlatforms) = postSolution
		{8C975F57-32AB-4C9A-BEA8-A07A852C6733}.Debug|Any CPU.ActiveCfg = Debug|Any CPU
		{8C975F57-32AB-4C9A-BEA8-A07A852C6733}.Debug|Any CPU.Build.0 = Debug|Any CPU
		{8C975F57-32AB-4C9A-BEA8-A07A852C6733}.Release|Any CPU.ActiveCfg = Release|Any CPU
		{8C975F57-32AB-4C9A-BEA8-A07A852C6733}.Release|Any CPU.Build.0 = Release|Any CPU
	EndGlobalSection
	GlobalSection(SolutionProperties) = preSolution
		HideSolutionNode = FALSE
	EndGlobalSection
	GlobalSection(ExtensibilityGlobals) = postSolution
		SolutionGuid = {1458CE2D-D0B4-4D8B-8820-F4699A6379DD}
	EndGlobalSection
EndGlobal
